
Microsoft Visual Studio Solution File, Format Version 12.00
# Visual Studio Version 17
VisualStudioVersion = 17.7.34031.279
MinimumVisualStudioVersion = 10.0.40219.1
Project("{FAE04EC0-301F-11D3-BF4B-00C04F79EFBC}") = "MVCMenus", "MVCMenus.csproj", "{CF4B4AC9-3B76-4D9E-BF4D-B018E08FD021}"
EndProject
Global
	GlobalSection(SolutionConfigurationPlatforms) = preSolution
		Debug|Any CPU = Debug|Any CPU
		Release|Any CPU = Release|Any CPU
	EndGlobalSection
	GlobalSection(ProjectConfigurationPlatforms) = postSolution
		{CF4B4AC9-3B76-4D9E-BF4D-B018E08FD021}.Debug|Any CPU.ActiveCfg = Debug|Any CPU
		{CF4B4AC9-3B76-4D9E-BF4D-B018E08FD021}.Debug|Any CPU.Build.0 = Debug|Any CPU
		{CF4B4AC9-3B76-4D9E-BF4D-B018E08FD021}.Release|Any CPU.ActiveCfg = Release|Any CPU
		{CF4B4AC9-3B76-4D9E-BF4D-B018E08FD021}.Release|Any CPU.Build.0 = Release|Any CPU
	EndGlobalSection
	GlobalSection(SolutionProperties) = preSolution
		HideSolutionNode = FALSE
	EndGlobalSection
	GlobalSection(ExtensibilityGlobals) = postSolution
		SolutionGuid = {94A252E8-C440-408B-842D-D3C667E9AF60}
	EndGlobalSection
EndGlobal
